
Microsoft Visual Studio Solution File, Format Version 12.00
# Visual Studio Version 17
VisualStudioVersion = 17.5.2.0
MinimumVisualStudioVersion = 10.0.40219.1
Project("{2150E333-8FDC-42A3-9474-1A3956D46DE8}") = "Codeland Username Validation", "Codeland Username Validation", "{91502F37-0149-7D81-9B61-DAD1C9256EEA}"
EndProject
Project("{2150E333-8FDC-42A3-9474-1A3956D46DE8}") = "cs", "cs", "{134BAC4D-C213-4447-D217-202828B57060}"
EndProject
Project("{FAE04EC0-301F-11D3-BF4B-00C04F79EFBC}") = "CodelandUsernameValidation", "Codeland Username Validation\cs\CodelandUsernameValidation\CodelandUsernameValidation.csproj", "{394380AB-DDA1-7958-2AC2-526E0A0091E3}"
EndProject
Project("{2150E333-8FDC-42A3-9474-1A3956D46DE8}") = "Find Intersection", "Find Intersection", "{35AB2874-C1FE-3441-9F62-D9972A4617FD}"
EndProject
Project("{2150E333-8FDC-42A3-9474-1A3956D46DE8}") = "cs", "cs", "{E7EE99DE-0A5A-C996-D0B4-D8638F8D0606}"
EndProject
Project("{FAE04EC0-301F-11D3-BF4B-00C04F79EFBC}") = "FindIntersectionTests", "Find Intersection\cs\FindIntersectionTests\FindIntersectionTests.csproj", "{9D07228C-12B6-4670-8677-2299E1CAFA47}"
EndProject
Project("{FAE04EC0-301F-11D3-BF4B-00C04F79EFBC}") = "Shared", "Shared\Shared.csproj", "{19E4EC81-40D2-46B1-A84E-1595C4D9E577}"
EndProject
Project("{FAE04EC0-301F-11D3-BF4B-00C04F79EFBC}") = "CodelandUsernameValidationTests", "Codeland Username Validation\cs\CodelandUsernameValidationTests\CodelandUsernameValidationTests.csproj", "{FF8D91B4-6709-4F06-BDA0-8801E95FA0AA}"
EndProject
Project("{2150E333-8FDC-42A3-9474-1A3956D46DE8}") = "First Factorial", "First Factorial", "{C1B2A9D0-A493-9587-5AAA-2D8E95FD13D0}"
EndProject
Project("{2150E333-8FDC-42A3-9474-1A3956D46DE8}") = "cs", "cs", "{F68E4289-3111-A331-AFB8-8D9FB018E80B}"
EndProject
Project("{FAE04EC0-301F-11D3-BF4B-00C04F79EFBC}") = "FirstFactorial", "First Factorial\cs\FirstFactorial\FirstFactorial.csproj", "{894AB719-DBE3-432E-99A2-18A0D2019C7D}"
EndProject
Project("{FAE04EC0-301F-11D3-BF4B-00C04F79EFBC}") = "FirstFactorialTests", "First Factorial\cs\FirstFactorialTests\FirstFactorialTests.csproj", "{E7CC905B-2D39-4ACF-8957-2FD0B8718A4D}"
EndProject
Project("{FAE04EC0-301F-11D3-BF4B-00C04F79EFBC}") = "FindIntersection", "Find Intersection\cs\FindIntersection\FindIntersection.csproj", "{4A207185-84B7-4B86-B373-4421D12806F1}"
EndProject
Project("{2150E333-8FDC-42A3-9474-1A3956D46DE8}") = "First Reverse", "First Reverse", "{DB011C73-73B0-FAFA-21B1-3260C273A436}"
EndProject
Project("{2150E333-8FDC-42A3-9474-1A3956D46DE8}") = "cs", "cs", "{4D87EA5F-7D9B-D4B3-F14D-757053317754}"
EndProject
Project("{FAE04EC0-301F-11D3-BF4B-00C04F79EFBC}") = "FirstReverse", "First Reverse\cs\FirstReverse\FirstReverse.csproj", "{484602C2-639D-4887-A568-49C5D7CB0F78}"
EndProject
Project("{FAE04EC0-301F-11D3-BF4B-00C04F79EFBC}") = "FirstReverseTests", "First Reverse\cs\FirstReverseTests\FirstReverseTests.csproj", "{2EFD1EA3-EDE8-46B4-804B-AEC16C18EB9B}"
EndProject
Project("{2150E333-8FDC-42A3-9474-1A3956D46DE8}") = "Longest Word", "Longest Word", "{5292D49E-E3A5-54F8-CF99-91E4D09281CD}"
EndProject
Project("{2150E333-8FDC-42A3-9474-1A3956D46DE8}") = "cs", "cs", "{79D7220E-753E-1192-0EF1-3D15A0ED4A45}"
EndProject
Project("{FAE04EC0-301F-11D3-BF4B-00C04F79EFBC}") = "LongestWord", "Longest Word\cs\LongestWord\LongestWord.csproj", "{A85C7E75-40F6-4908-8BB2-BEC27CEA90E9}"
EndProject
Project("{FAE04EC0-301F-11D3-BF4B-00C04F79EFBC}") = "LongestWordTests", "Longest Word\cs\LongestWordTests\LongestWordTests.csproj", "{08F11FE0-3F95-41B4-AE78-629F9A41DC70}"
EndProject
Project("{2150E333-8FDC-42A3-9474-1A3956D46DE8}") = "Questions Marks", "Questions Marks", "{14BD453E-9BD3-8C78-6714-3755A8222F42}"
EndProject
Project("{2150E333-8FDC-42A3-9474-1A3956D46DE8}") = "cs", "cs", "{CF599427-2DA5-7D08-E706-34D88376BDD0}"
EndProject
Project("{FAE04EC0-301F-11D3-BF4B-00C04F79EFBC}") = "QuestionsMarks", "Questions Marks\cs\QuestionsMarks\QuestionsMarks.csproj", "{5BD2C0BE-E258-49DD-9D07-E52181CE44CE}"
EndProject
Project("{FAE04EC0-301F-11D3-BF4B-00C04F79EFBC}") = "QuestionsMarksTests", "Questions Marks\cs\QuestionsMarksTests\QuestionsMarksTests.csproj", "{A6827702-4CE8-4F91-94CF-F92E67804CD2}"
EndProject
Project("{2150E333-8FDC-42A3-9474-1A3956D46DE8}") = "Bracket Matcher", "Bracket Matcher", "{75152908-D348-9A52-05BB-D3876FB7A4DB}"
EndProject
Project("{2150E333-8FDC-42A3-9474-1A3956D46DE8}") = "cs", "cs", "{BA00E7D6-FBB0-C6A3-730D-B43573397F1C}"
EndProject
Project("{FAE04EC0-301F-11D3-BF4B-00C04F79EFBC}") = "BracketMatcher", "Bracket Matcher\cs\BracketMatcher\BracketMatcher.csproj", "{5B09818C-DC48-4492-A848-B8090F48A2C3}"
EndProject
Project("{FAE04EC0-301F-11D3-BF4B-00C04F79EFBC}") = "BracketMatcherTests", "Bracket Matcher\cs\BracketMatcherTests\BracketMatcherTests.csproj", "{27D56780-CB88-4EE2-8E5D-E2E162E3E847}"
EndProject
Global
	GlobalSection(SolutionConfigurationPlatforms) = preSolution
		Debug|Any CPU = Debug|Any CPU
		Debug|x64 = Debug|x64
		Debug|x86 = Debug|x86
		Release|Any CPU = Release|Any CPU
		Release|x64 = Release|x64
		Release|x86 = Release|x86
	EndGlobalSection
	GlobalSection(ProjectConfigurationPlatforms) = postSolution
		{394380AB-DDA1-7958-2AC2-526E0A0091E3}.Debug|Any CPU.ActiveCfg = Debug|Any CPU
		{394380AB-DDA1-7958-2AC2-526E0A0091E3}.Debug|Any CPU.Build.0 = Debug|Any CPU
		{394380AB-DDA1-7958-2AC2-526E0A0091E3}.Debug|x64.ActiveCfg = Debug|Any CPU
		{394380AB-DDA1-7958-2AC2-526E0A0091E3}.Debug|x64.Build.0 = Debug|Any CPU
		{394380AB-DDA1-7958-2AC2-526E0A0091E3}.Debug|x86.ActiveCfg = Debug|Any CPU
		{394380AB-DDA1-7958-2AC2-526E0A0091E3}.Debug|x86.Build.0 = Debug|Any CPU
		{394380AB-DDA1-7958-2AC2-526E0A0091E3}.Release|Any CPU.ActiveCfg = Release|Any CPU
		{394380AB-DDA1-7958-2AC2-526E0A0091E3}.Release|Any CPU.Build.0 = Release|Any CPU
		{394380AB-DDA1-7958-2AC2-526E0A0091E3}.Release|x64.ActiveCfg = Release|Any CPU
		{394380AB-DDA1-7958-2AC2-526E0A0091E3}.Release|x64.Build.0 = Release|Any CPU
		{394380AB-DDA1-7958-2AC2-526E0A0091E3}.Release|x86.ActiveCfg = Release|Any CPU
		{394380AB-DDA1-7958-2AC2-526E0A0091E3}.Release|x86.Build.0 = Release|Any CPU
		{9D07228C-12B6-4670-8677-2299E1CAFA47}.Debug|Any CPU.ActiveCfg = Debug|Any CPU
		{9D07228C-12B6-4670-8677-2299E1CAFA47}.Debug|Any CPU.Build.0 = Debug|Any CPU
		{9D07228C-12B6-4670-8677-2299E1CAFA47}.Debug|x64.ActiveCfg = Debug|Any CPU
		{9D07228C-12B6-4670-8677-2299E1CAFA47}.Debug|x64.Build.0 = Debug|Any CPU
		{9D07228C-12B6-4670-8677-2299E1CAFA47}.Debug|x86.ActiveCfg = Debug|Any CPU
		{9D07228C-12B6-4670-8677-2299E1CAFA47}.Debug|x86.Build.0 = Debug|Any CPU
		{9D07228C-12B6-4670-8677-2299E1CAFA47}.Release|Any CPU.ActiveCfg = Release|Any CPU
		{9D07228C-12B6-4670-8677-2299E1CAFA47}.Release|Any CPU.Build.0 = Release|Any CPU
		{9D07228C-12B6-4670-8677-2299E1CAFA47}.Release|x64.ActiveCfg = Release|Any CPU
		{9D07228C-12B6-4670-8677-2299E1CAFA47}.Release|x64.Build.0 = Release|Any CPU
		{9D07228C-12B6-4670-8677-2299E1CAFA47}.Release|x86.ActiveCfg = Release|Any CPU
		{9D07228C-12B6-4670-8677-2299E1CAFA47}.Release|x86.Build.0 = Release|Any CPU
		{19E4EC81-40D2-46B1-A84E-1595C4D9E577}.Debug|Any CPU.ActiveCfg = Debug|Any CPU
		{19E4EC81-40D2-46B1-A84E-1595C4D9E577}.Debug|Any CPU.Build.0 = Debug|Any CPU
		{19E4EC81-40D2-46B1-A84E-1595C4D9E577}.Debug|x64.ActiveCfg = Debug|Any CPU
		{19E4EC81-40D2-46B1-A84E-1595C4D9E577}.Debug|x64.Build.0 = Debug|Any CPU
		{19E4EC81-40D2-46B1-A84E-1595C4D9E577}.Debug|x86.ActiveCfg = Debug|Any CPU
		{19E4EC81-40D2-46B1-A84E-1595C4D9E577}.Debug|x86.Build.0 = Debug|Any CPU
		{19E4EC81-40D2-46B1-A84E-1595C4D9E577}.Release|Any CPU.ActiveCfg = Release|Any CPU
		{19E4EC81-40D2-46B1-A84E-1595C4D9E577}.Release|Any CPU.Build.0 = Release|Any CPU
		{19E4EC81-40D2-46B1-A84E-1595C4D9E577}.Release|x64.ActiveCfg = Release|Any CPU
		{19E4EC81-40D2-46B1-A84E-1595C4D9E577}.Release|x64.Build.0 = Release|Any CPU
		{19E4EC81-40D2-46B1-A84E-1595C4D9E577}.Release|x86.ActiveCfg = Release|Any CPU
		{19E4EC81-40D2-46B1-A84E-1595C4D9E577}.Release|x86.Build.0 = Release|Any CPU
		{FF8D91B4-6709-4F06-BDA0-8801E95FA0AA}.Debug|Any CPU.ActiveCfg = Debug|Any CPU
		{FF8D91B4-6709-4F06-BDA0-8801E95FA0AA}.Debug|Any CPU.Build.0 = Debug|Any CPU
		{FF8D91B4-6709-4F06-BDA0-8801E95FA0AA}.Debug|x64.ActiveCfg = Debug|Any CPU
		{FF8D91B4-6709-4F06-BDA0-8801E95FA0AA}.Debug|x64.Build.0 = Debug|Any CPU
		{FF8D91B4-6709-4F06-BDA0-8801E95FA0AA}.Debug|x86.ActiveCfg = Debug|Any CPU
		{FF8D91B4-6709-4F06-BDA0-8801E95FA0AA}.Debug|x86.Build.0 = Debug|Any CPU
		{FF8D91B4-6709-4F06-BDA0-8801E95FA0AA}.Release|Any CPU.ActiveCfg = Release|Any CPU
		{FF8D91B4-6709-4F06-BDA0-8801E95FA0AA}.Release|Any CPU.Build.0 = Release|Any CPU
		{FF8D91B4-6709-4F06-BDA0-8801E95FA0AA}.Release|x64.ActiveCfg = Release|Any CPU
		{FF8D91B4-6709-4F06-BDA0-8801E95FA0AA}.Release|x64.Build.0 = Release|Any CPU
		{FF8D91B4-6709-4F06-BDA0-8801E95FA0AA}.Release|x86.ActiveCfg = Release|Any CPU
		{FF8D91B4-6709-4F06-BDA0-8801E95FA0AA}.Release|x86.Build.0 = Release|Any CPU
		{894AB719-DBE3-432E-99A2-18A0D2019C7D}.Debug|Any CPU.ActiveCfg = Debug|Any CPU
		{894AB719-DBE3-432E-99A2-18A0D2019C7D}.Debug|Any CPU.Build.0 = Debug|Any CPU
		{894AB719-DBE3-432E-99A2-18A0D2019C7D}.Debug|x64.ActiveCfg = Debug|Any CPU
		{894AB719-DBE3-432E-99A2-18A0D2019C7D}.Debug|x64.Build.0 = Debug|Any CPU
		{894AB719-DBE3-432E-99A2-18A0D2019C7D}.Debug|x86.ActiveCfg = Debug|Any CPU
		{894AB719-DBE3-432E-99A2-18A0D2019C7D}.Debug|x86.Build.0 = Debug|Any CPU
		{894AB719-DBE3-432E-99A2-18A0D2019C7D}.Release|Any CPU.ActiveCfg = Release|Any CPU
		{894AB719-DBE3-432E-99A2-18A0D2019C7D}.Release|Any CPU.Build.0 = Release|Any CPU
		{894AB719-DBE3-432E-99A2-18A0D2019C7D}.Release|x64.ActiveCfg = Release|Any CPU
		{894AB719-DBE3-432E-99A2-18A0D2019C7D}.Release|x64.Build.0 = Release|Any CPU
		{894AB719-DBE3-432E-99A2-18A0D2019C7D}.Release|x86.ActiveCfg = Release|Any CPU
		{894AB719-DBE3-432E-99A2-18A0D2019C7D}.Release|x86.Build.0 = Release|Any CPU
		{E7CC905B-2D39-4ACF-8957-2FD0B8718A4D}.Debug|Any CPU.ActiveCfg = Debug|Any CPU
		{E7CC905B-2D39-4ACF-8957-2FD0B8718A4D}.Debug|Any CPU.Build.0 = Debug|Any CPU
		{E7CC905B-2D39-4ACF-8957-2FD0B8718A4D}.Debug|x64.ActiveCfg = Debug|Any CPU
		{E7CC905B-2D39-4ACF-8957-2FD0B8718A4D}.Debug|x64.Build.0 = Debug|Any CPU
		{E7CC905B-2D39-4ACF-8957-2FD0B8718A4D}.Debug|x86.ActiveCfg = Debug|Any CPU
		{E7CC905B-2D39-4ACF-8957-2FD0B8718A4D}.Debug|x86.Build.0 = Debug|Any CPU
		{E7CC905B-2D39-4ACF-8957-2FD0B8718A4D}.Release|Any CPU.ActiveCfg = Release|Any CPU
		{E7CC905B-2D39-4ACF-8957-2FD0B8718A4D}.Release|Any CPU.Build.0 = Release|Any CPU
		{E7CC905B-2D39-4ACF-8957-2FD0B8718A4D}.Release|x64.ActiveCfg = Release|Any CPU
		{E7CC905B-2D39-4ACF-8957-2FD0B8718A4D}.Release|x64.Build.0 = Release|Any CPU
		{E7CC905B-2D39-4ACF-8957-2FD0B8718A4D}.Release|x86.ActiveCfg = Release|Any CPU
		{E7CC905B-2D39-4ACF-8957-2FD0B8718A4D}.Release|x86.Build.0 = Release|Any CPU
		{4A207185-84B7-4B86-B373-4421D12806F1}.Debug|Any CPU.ActiveCfg = Debug|Any CPU
		{4A207185-84B7-4B86-B373-4421D12806F1}.Debug|Any CPU.Build.0 = Debug|Any CPU
		{4A207185-84B7-4B86-B373-4421D12806F1}.Debug|x64.ActiveCfg = Debug|Any CPU
		{4A207185-84B7-4B86-B373-4421D12806F1}.Debug|x64.Build.0 = Debug|Any CPU
		{4A207185-84B7-4B86-B373-4421D12806F1}.Debug|x86.ActiveCfg = Debug|Any CPU
		{4A207185-84B7-4B86-B373-4421D12806F1}.Debug|x86.Build.0 = Debug|Any CPU
		{4A207185-84B7-4B86-B373-4421D12806F1}.Release|Any CPU.ActiveCfg = Release|Any CPU
		{4A207185-84B7-4B86-B373-4421D12806F1}.Release|Any CPU.Build.0 = Release|Any CPU
		{4A207185-84B7-4B86-B373-4421D12806F1}.Release|x64.ActiveCfg = Release|Any CPU
		{4A207185-84B7-4B86-B373-4421D12806F1}.Release|x64.Build.0 = Release|Any CPU
		{4A207185-84B7-4B86-B373-4421D12806F1}.Release|x86.ActiveCfg = Release|Any CPU
		{4A207185-84B7-4B86-B373-4421D12806F1}.Release|x86.Build.0 = Release|Any CPU
		{484602C2-639D-4887-A568-49C5D7CB0F78}.Debug|Any CPU.ActiveCfg = Debug|Any CPU
		{484602C2-639D-4887-A568-49C5D7CB0F78}.Debug|Any CPU.Build.0 = Debug|Any CPU
		{484602C2-639D-4887-A568-49C5D7CB0F78}.Debug|x64.ActiveCfg = Debug|Any CPU
		{484602C2-639D-4887-A568-49C5D7CB0F78}.Debug|x64.Build.0 = Debug|Any CPU
		{484602C2-639D-4887-A568-49C5D7CB0F78}.Debug|x86.ActiveCfg = Debug|Any CPU
		{484602C2-639D-4887-A568-49C5D7CB0F78}.Debug|x86.Build.0 = Debug|Any CPU
		{484602C2-639D-4887-A568-49C5D7CB0F78}.Release|Any CPU.ActiveCfg = Release|Any CPU
		{484602C2-639D-4887-A568-49C5D7CB0F78}.Release|Any CPU.Build.0 = Release|Any CPU
		{484602C2-639D-4887-A568-49C5D7CB0F78}.Release|x64.ActiveCfg = Release|Any CPU
		{484602C2-639D-4887-A568-49C5D7CB0F78}.Release|x64.Build.0 = Release|Any CPU
		{484602C2-639D-4887-A568-49C5D7CB0F78}.Release|x86.ActiveCfg = Release|Any CPU
		{484602C2-639D-4887-A568-49C5D7CB0F78}.Release|x86.Build.0 = Release|Any CPU
		{2EFD1EA3-EDE8-46B4-804B-AEC16C18EB9B}.Debug|Any CPU.ActiveCfg = Debug|Any CPU
		{2EFD1EA3-EDE8-46B4-804B-AEC16C18EB9B}.Debug|Any CPU.Build.0 = Debug|Any CPU
		{2EFD1EA3-EDE8-46B4-804B-AEC16C18EB9B}.Debug|x64.ActiveCfg = Debug|Any CPU
		{2EFD1EA3-EDE8-46B4-804B-AEC16C18EB9B}.Debug|x64.Build.0 = Debug|Any CPU
		{2EFD1EA3-EDE8-46B4-804B-AEC16C18EB9B}.Debug|x86.ActiveCfg = Debug|Any CPU
		{2EFD1EA3-EDE8-46B4-804B-AEC16C18EB9B}.Debug|x86.Build.0 = Debug|Any CPU
		{2EFD1EA3-EDE8-46B4-804B-AEC16C18EB9B}.Release|Any CPU.ActiveCfg = Release|Any CPU
		{2EFD1EA3-EDE8-46B4-804B-AEC16C18EB9B}.Release|Any CPU.Build.0 = Release|Any CPU
		{2EFD1EA3-EDE8-46B4-804B-AEC16C18EB9B}.Release|x64.ActiveCfg = Release|Any CPU
		{2EFD1EA3-EDE8-46B4-804B-AEC16C18EB9B}.Release|x64.Build.0 = Release|Any CPU
		{2EFD1EA3-EDE8-46B4-804B-AEC16C18EB9B}.Release|x86.ActiveCfg = Release|Any CPU
		{2EFD1EA3-EDE8-46B4-804B-AEC16C18EB9B}.Release|x86.Build.0 = Release|Any CPU
		{A85C7E75-40F6-4908-8BB2-BEC27CEA90E9}.Debug|Any CPU.ActiveCfg = Debug|Any CPU
		{A85C7E75-40F6-4908-8BB2-BEC27CEA90E9}.Debug|Any CPU.Build.0 = Debug|Any CPU
		{A85C7E75-40F6-4908-8BB2-BEC27CEA90E9}.Debug|x64.ActiveCfg = Debug|Any CPU
		{A85C7E75-40F6-4908-8BB2-BEC27CEA90E9}.Debug|x64.Build.0 = Debug|Any CPU
		{A85C7E75-40F6-4908-8BB2-BEC27CEA90E9}.Debug|x86.ActiveCfg = Debug|Any CPU
		{A85C7E75-40F6-4908-8BB2-BEC27CEA90E9}.Debug|x86.Build.0 = Debug|Any CPU
		{A85C7E75-40F6-4908-8BB2-BEC27CEA90E9}.Release|Any CPU.ActiveCfg = Release|Any CPU
		{A85C7E75-40F6-4908-8BB2-BEC27CEA90E9}.Release|Any CPU.Build.0 = Release|Any CPU
		{A85C7E75-40F6-4908-8BB2-BEC27CEA90E9}.Release|x64.ActiveCfg = Release|Any CPU
		{A85C7E75-40F6-4908-8BB2-BEC27CEA90E9}.Release|x64.Build.0 = Release|Any CPU
		{A85C7E75-40F6-4908-8BB2-BEC27CEA90E9}.Release|x86.ActiveCfg = Release|Any CPU
		{A85C7E75-40F6-4908-8BB2-BEC27CEA90E9}.Release|x86.Build.0 = Release|Any CPU
		{08F11FE0-3F95-41B4-AE78-629F9A41DC70}.Debug|Any CPU.ActiveCfg = Debug|Any CPU
		{08F11FE0-3F95-41B4-AE78-629F9A41DC70}.Debug|Any CPU.Build.0 = Debug|Any CPU
		{08F11FE0-3F95-41B4-AE78-629F9A41DC70}.Debug|x64.ActiveCfg = Debug|Any CPU
		{08F11FE0-3F95-41B4-AE78-629F9A41DC70}.Debug|x64.Build.0 = Debug|Any CPU
		{08F11FE0-3F95-41B4-AE78-629F9A41DC70}.Debug|x86.ActiveCfg = Debug|Any CPU
		{08F11FE0-3F95-41B4-AE78-629F9A41DC70}.Debug|x86.Build.0 = Debug|Any CPU
		{08F11FE0-3F95-41B4-AE78-629F9A41DC70}.Release|Any CPU.ActiveCfg = Release|Any CPU
		{08F11FE0-3F95-41B4-AE78-629F9A41DC70}.Release|Any CPU.Build.0 = Release|Any CPU
		{08F11FE0-3F95-41B4-AE78-629F9A41DC70}.Release|x64.ActiveCfg = Release|Any CPU
		{08F11FE0-3F95-41B4-AE78-629F9A41DC70}.Release|x64.Build.0 = Release|Any CPU
		{08F11FE0-3F95-41B4-AE78-629F9A41DC70}.Release|x86.ActiveCfg = Release|Any CPU
		{08F11FE0-3F95-41B4-AE78-629F9A41DC70}.Release|x86.Build.0 = Release|Any CPU
		{5BD2C0BE-E258-49DD-9D07-E52181CE44CE}.Debug|Any CPU.ActiveCfg = Debug|Any CPU
		{5BD2C0BE-E258-49DD-9D07-E52181CE44CE}.Debug|Any CPU.Build.0 = Debug|Any CPU
		{5BD2C0BE-E258-49DD-9D07-E52181CE44CE}.Debug|x64.ActiveCfg = Debug|Any CPU
		{5BD2C0BE-E258-49DD-9D07-E52181CE44CE}.Debug|x64.Build.0 = Debug|Any CPU
		{5BD2C0BE-E258-49DD-9D07-E52181CE44CE}.Debug|x86.ActiveCfg = Debug|Any CPU
		{5BD2C0BE-E258-49DD-9D07-E52181CE44CE}.Debug|x86.Build.0 = Debug|Any CPU
		{5BD2C0BE-E258-49DD-9D07-E52181CE44CE}.Release|Any CPU.ActiveCfg = Release|Any CPU
		{5BD2C0BE-E258-49DD-9D07-E52181CE44CE}.Release|Any CPU.Build.0 = Release|Any CPU
		{5BD2C0BE-E258-49DD-9D07-E52181CE44CE}.Release|x64.ActiveCfg = Release|Any CPU
		{5BD2C0BE-E258-49DD-9D07-E52181CE44CE}.Release|x64.Build.0 = Release|Any CPU
		{5BD2C0BE-E258-49DD-9D07-E52181CE44CE}.Release|x86.ActiveCfg = Release|Any CPU
		{5BD2C0BE-E258-49DD-9D07-E52181CE44CE}.Release|x86.Build.0 = Release|Any CPU
		{A6827702-4CE8-4F91-94CF-F92E67804CD2}.Debug|Any CPU.ActiveCfg = Debug|Any CPU
		{A6827702-4CE8-4F91-94CF-F92E67804CD2}.Debug|Any CPU.Build.0 = Debug|Any CPU
		{A6827702-4CE8-4F91-94CF-F92E67804CD2}.Debug|x64.ActiveCfg = Debug|Any CPU
		{A6827702-4CE8-4F91-94CF-F92E67804CD2}.Debug|x64.Build.0 = Debug|Any CPU
		{A6827702-4CE8-4F91-94CF-F92E67804CD2}.Debug|x86.ActiveCfg = Debug|Any CPU
		{A6827702-4CE8-4F91-94CF-F92E67804CD2}.Debug|x86.Build.0 = Debug|Any CPU
		{A6827702-4CE8-4F91-94CF-F92E67804CD2}.Release|Any CPU.ActiveCfg = Release|Any CPU
		{A6827702-4CE8-4F91-94CF-F92E67804CD2}.Release|Any CPU.Build.0 = Release|Any CPU
		{A6827702-4CE8-4F91-94CF-F92E67804CD2}.Release|x64.ActiveCfg = Release|Any CPU
		{A6827702-4CE8-4F91-94CF-F92E67804CD2}.Release|x64.Build.0 = Release|Any CPU
		{A6827702-4CE8-4F91-94CF-F92E67804CD2}.Release|x86.ActiveCfg = Release|Any CPU
		{A6827702-4CE8-4F91-94CF-F92E67804CD2}.Release|x86.Build.0 = Release|Any CPU
		{5B09818C-DC48-4492-A848-B8090F48A2C3}.Debug|Any CPU.ActiveCfg = Debug|Any CPU
		{5B09818C-DC48-4492-A848-B8090F48A2C3}.Debug|Any CPU.Build.0 = Debug|Any CPU
		{5B09818C-DC48-4492-A848-B8090F48A2C3}.Debug|x64.ActiveCfg = Debug|Any CPU
		{5B09818C-DC48-4492-A848-B8090F48A2C3}.Debug|x64.Build.0 = Debug|Any CPU
		{5B09818C-DC48-4492-A848-B8090F48A2C3}.Debug|x86.ActiveCfg = Debug|Any CPU
		{5B09818C-DC48-4492-A848-B8090F48A2C3}.Debug|x86.Build.0 = Debug|Any CPU
		{5B09818C-DC48-4492-A848-B8090F48A2C3}.Release|Any CPU.ActiveCfg = Release|Any CPU
		{5B09818C-DC48-4492-A848-B8090F48A2C3}.Release|Any CPU.Build.0 = Release|Any CPU
		{5B09818C-DC48-4492-A848-B8090F48A2C3}.Release|x64.ActiveCfg = Release|Any CPU
		{5B09818C-DC48-4492-A848-B8090F48A2C3}.Release|x64.Build.0 = Release|Any CPU
		{5B09818C-DC48-4492-A848-B8090F48A2C3}.Release|x86.ActiveCfg = Release|Any CPU
		{5B09818C-DC48-4492-A848-B8090F48A2C3}.Release|x86.Build.0 = Release|Any CPU
		{27D56780-CB88-4EE2-8E5D-E2E162E3E847}.Debug|Any CPU.ActiveCfg = Debug|Any CPU
		{27D56780-CB88-4EE2-8E5D-E2E162E3E847}.Debug|Any CPU.Build.0 = Debug|Any CPU
		{27D56780-CB88-4EE2-8E5D-E2E162E3E847}.Debug|x64.ActiveCfg = Debug|Any CPU
		{27D56780-CB88-4EE2-8E5D-E2E162E3E847}.Debug|x64.Build.0 = Debug|Any CPU
		{27D56780-CB88-4EE2-8E5D-E2E162E3E847}.Debug|x86.ActiveCfg = Debug|Any CPU
		{27D56780-CB88-4EE2-8E5D-E2E162E3E847}.Debug|x86.Build.0 = Debug|Any CPU
		{27D56780-CB88-4EE2-8E5D-E2E162E3E847}.Release|Any CPU.ActiveCfg = Release|Any CPU
		{27D56780-CB88-4EE2-8E5D-E2E162E3E847}.Release|Any CPU.Build.0 = Release|Any CPU
		{27D56780-CB88-4EE2-8E5D-E2E162E3E847}.Release|x64.ActiveCfg = Release|Any CPU
		{27D56780-CB88-4EE2-8E5D-E2E162E3E847}.Release|x64.Build.0 = Release|Any CPU
		{27D56780-CB88-4EE2-8E5D-E2E162E3E847}.Release|x86.ActiveCfg = Release|Any CPU
		{27D56780-CB88-4EE2-8E5D-E2E162E3E847}.Release|x86.Build.0 = Release|Any CPU
	EndGlobalSection
	GlobalSection(SolutionProperties) = preSolution
		HideSolutionNode = FALSE
	EndGlobalSection
	GlobalSection(NestedProjects) = preSolution
		{134BAC4D-C213-4447-D217-202828B57060} = {91502F37-0149-7D81-9B61-DAD1C9256EEA}
		{394380AB-DDA1-7958-2AC2-526E0A0091E3} = {134BAC4D-C213-4447-D217-202828B57060}
		{E7EE99DE-0A5A-C996-D0B4-D8638F8D0606} = {35AB2874-C1FE-3441-9F62-D9972A4617FD}
		{9D07228C-12B6-4670-8677-2299E1CAFA47} = {E7EE99DE-0A5A-C996-D0B4-D8638F8D0606}
		{FF8D91B4-6709-4F06-BDA0-8801E95FA0AA} = {134BAC4D-C213-4447-D217-202828B57060}
		{F68E4289-3111-A331-AFB8-8D9FB018E80B} = {C1B2A9D0-A493-9587-5AAA-2D8E95FD13D0}
		{894AB719-DBE3-432E-99A2-18A0D2019C7D} = {F68E4289-3111-A331-AFB8-8D9FB018E80B}
		{E7CC905B-2D39-4ACF-8957-2FD0B8718A4D} = {F68E4289-3111-A331-AFB8-8D9FB018E80B}
		{4A207185-84B7-4B86-B373-4421D12806F1} = {E7EE99DE-0A5A-C996-D0B4-D8638F8D0606}
		{4D87EA5F-7D9B-D4B3-F14D-757053317754} = {DB011C73-73B0-FAFA-21B1-3260C273A436}
		{484602C2-639D-4887-A568-49C5D7CB0F78} = {4D87EA5F-7D9B-D4B3-F14D-757053317754}
		{2EFD1EA3-EDE8-46B4-804B-AEC16C18EB9B} = {4D87EA5F-7D9B-D4B3-F14D-757053317754}
		{79D7220E-753E-1192-0EF1-3D15A0ED4A45} = {5292D49E-E3A5-54F8-CF99-91E4D09281CD}
		{A85C7E75-40F6-4908-8BB2-BEC27CEA90E9} = {79D7220E-753E-1192-0EF1-3D15A0ED4A45}
		{08F11FE0-3F95-41B4-AE78-629F9A41DC70} = {79D7220E-753E-1192-0EF1-3D15A0ED4A45}
		{CF599427-2DA5-7D08-E706-34D88376BDD0} = {14BD453E-9BD3-8C78-6714-3755A8222F42}
		{5BD2C0BE-E258-49DD-9D07-E52181CE44CE} = {CF599427-2DA5-7D08-E706-34D88376BDD0}
		{A6827702-4CE8-4F91-94CF-F92E67804CD2} = {CF599427-2DA5-7D08-E706-34D88376BDD0}
		{BA00E7D6-FBB0-C6A3-730D-B43573397F1C} = {75152908-D348-9A52-05BB-D3876FB7A4DB}
		{5B09818C-DC48-4492-A848-B8090F48A2C3} = {BA00E7D6-FBB0-C6A3-730D-B43573397F1C}
		{27D56780-CB88-4EE2-8E5D-E2E162E3E847} = {BA00E7D6-FBB0-C6A3-730D-B43573397F1C}
	EndGlobalSection
	GlobalSection(ExtensibilityGlobals) = postSolution
		SolutionGuid = {10818876-22CB-4377-982D-C820836BFA56}
	EndGlobalSection
EndGlobal
